
Microsoft Visual Studio Solution File, Format Version 12.00
Project("{FAE04EC0-301F-11D3-BF4B-00C04F79EFBC}") = "ZeroQL", "src\ZeroQL\ZeroQL.csproj", "{A19EA773-661E-4E4B-9D66-84A47DE8F87F}"
EndProject
Project("{FAE04EC0-301F-11D3-BF4B-00C04F79EFBC}") = "ZeroQL.Core", "src\ZeroQL.Core\ZeroQL.Core.csproj", "{09D4E53A-C80D-430F-AB2C-CBC85FE8C98F}"
EndProject
Project("{FAE04EC0-301F-11D3-BF4B-00C04F79EFBC}") = "ZeroQL.Tests", "src\ZeroQL.Tests\ZeroQL.Tests.csproj", "{1C70123F-B7E2-40D7-AFDB-3EF7F90D9B85}"
EndProject
Project("{2150E333-8FDC-42A3-9474-1A3956D46DE8}") = "App", "App", "{B240CB61-7286-495B-8679-024640C040DA}"
EndProject
Project("{2150E333-8FDC-42A3-9474-1A3956D46DE8}") = "Tests", "Tests", "{2FF56600-3344-4A12-9CC8-08F8AEDD39FC}"
EndProject
Project("{FAE04EC0-301F-11D3-BF4B-00C04F79EFBC}") = "ZeroQL.TestServer", "src\ZeroQL.TestServer\ZeroQL.TestServer.csproj", "{ED8E26EF-A38D-48F4-9A18-8D6CD3DCF687}"
EndProject
Project("{FAE04EC0-301F-11D3-BF4B-00C04F79EFBC}") = "ZeroQL.TestApp", "src\TestApp\ZeroQL.TestApp\ZeroQL.TestApp.csproj", "{6D4925D7-8920-4638-B0C2-58D3B239412E}"
EndProject
Project("{FAE04EC0-301F-11D3-BF4B-00C04F79EFBC}") = "ZeroQL.CLI", "src\ZeroQL.CLI\ZeroQL.CLI.csproj", "{980FB327-7077-457F-8A0C-D338CBDB1B40}"
EndProject
Project("{FAE04EC0-301F-11D3-BF4B-00C04F79EFBC}") = "ZeroQL.SourceGenerators", "src\ZeroQL.SourceGenerators\ZeroQL.SourceGenerators.csproj", "{E4AC52F7-A8DB-493D-B006-4FA8F5CCB43C}"
EndProject
Project("{2150E333-8FDC-42A3-9474-1A3956D46DE8}") = "Benchmarks", "Benchmarks", "{47384F3B-B4C0-4366-A369-8CB2E5DB830E}"
EndProject
Project("{FAE04EC0-301F-11D3-BF4B-00C04F79EFBC}") = "ZeroQL.Benchmark", "src\Benchmarks\ZeroQL.Benchmark\ZeroQL.Benchmark.csproj", "{8B83B488-1794-4E7A-B35E-12539CD38956}"
EndProject
Project("{FAE04EC0-301F-11D3-BF4B-00C04F79EFBC}") = "StrawberryShake.Client", "src\Benchmarks\StrawberryShake.Client\StrawberryShake.Client.csproj", "{21C29236-813D-4F66-8873-DE52F171C38A}"
EndProject
Project("{FAE04EC0-301F-11D3-BF4B-00C04F79EFBC}") = "ZeroQL.TestApp.Models", "src\TestApp\ZeroQL.TestApp.Models\ZeroQL.TestApp.Models.csproj", "{7189EE85-979C-405C-90E5-3FEEB258AC8E}"
EndProject
Project("{2150E333-8FDC-42A3-9474-1A3956D46DE8}") = "TestApp", "TestApp", "{1088FDB6-BE3D-4D02-B744-2BF4CA530980}"
EndProject
Project("{FAE04EC0-301F-11D3-BF4B-00C04F79EFBC}") = "ZeroQL.TestApp.Client", "src\TestApp\ZeroQL.TestApp.Client\ZeroQL.TestApp.Client.csproj", "{43E9056F-D83E-4E90-8EED-45ED2A708505}"
EndProject
Global
	GlobalSection(SolutionConfigurationPlatforms) = preSolution
		Debug|Any CPU = Debug|Any CPU
		Release|Any CPU = Release|Any CPU
	EndGlobalSection
	GlobalSection(ProjectConfigurationPlatforms) = postSolution
		{A19EA773-661E-4E4B-9D66-84A47DE8F87F}.Debug|Any CPU.ActiveCfg = Debug|Any CPU
		{A19EA773-661E-4E4B-9D66-84A47DE8F87F}.Debug|Any CPU.Build.0 = Debug|Any CPU
		{A19EA773-661E-4E4B-9D66-84A47DE8F87F}.Release|Any CPU.ActiveCfg = Release|Any CPU
		{A19EA773-661E-4E4B-9D66-84A47DE8F87F}.Release|Any CPU.Build.0 = Release|Any CPU
		{09D4E53A-C80D-430F-AB2C-CBC85FE8C98F}.Debug|Any CPU.ActiveCfg = Debug|Any CPU
		{09D4E53A-C80D-430F-AB2C-CBC85FE8C98F}.Debug|Any CPU.Build.0 = Debug|Any CPU
		{1C70123F-B7E2-40D7-AFDB-3EF7F90D9B85}.Debug|Any CPU.ActiveCfg = Debug|Any CPU
		{1C70123F-B7E2-40D7-AFDB-3EF7F90D9B85}.Debug|Any CPU.Build.0 = Debug|Any CPU
		{1C70123F-B7E2-40D7-AFDB-3EF7F90D9B85}.Release|Any CPU.ActiveCfg = Release|Any CPU
		{1C70123F-B7E2-40D7-AFDB-3EF7F90D9B85}.Release|Any CPU.Build.0 = Release|Any CPU
		{ED8E26EF-A38D-48F4-9A18-8D6CD3DCF687}.Debug|Any CPU.ActiveCfg = Debug|Any CPU
		{ED8E26EF-A38D-48F4-9A18-8D6CD3DCF687}.Debug|Any CPU.Build.0 = Debug|Any CPU
		{ED8E26EF-A38D-48F4-9A18-8D6CD3DCF687}.Release|Any CPU.ActiveCfg = Release|Any CPU
		{ED8E26EF-A38D-48F4-9A18-8D6CD3DCF687}.Release|Any CPU.Build.0 = Release|Any CPU
		{6D4925D7-8920-4638-B0C2-58D3B239412E}.Debug|Any CPU.ActiveCfg = Debug|Any CPU
		{6D4925D7-8920-4638-B0C2-58D3B239412E}.Debug|Any CPU.Build.0 = Debug|Any CPU
		{6D4925D7-8920-4638-B0C2-58D3B239412E}.Release|Any CPU.ActiveCfg = Release|Any CPU
		{6D4925D7-8920-4638-B0C2-58D3B239412E}.Release|Any CPU.Build.0 = Release|Any CPU
		{980FB327-7077-457F-8A0C-D338CBDB1B40}.Debug|Any CPU.ActiveCfg = Debug|Any CPU
		{980FB327-7077-457F-8A0C-D338CBDB1B40}.Debug|Any CPU.Build.0 = Debug|Any CPU
		{980FB327-7077-457F-8A0C-D338CBDB1B40}.Release|Any CPU.ActiveCfg = Release|Any CPU
		{980FB327-7077-457F-8A0C-D338CBDB1B40}.Release|Any CPU.Build.0 = Release|Any CPU
		{E4AC52F7-A8DB-493D-B006-4FA8F5CCB43C}.Debug|Any CPU.ActiveCfg = Debug|Any CPU
		{E4AC52F7-A8DB-493D-B006-4FA8F5CCB43C}.Debug|Any CPU.Build.0 = Debug|Any CPU
		{E4AC52F7-A8DB-493D-B006-4FA8F5CCB43C}.Release|Any CPU.ActiveCfg = Release|Any CPU
		{E4AC52F7-A8DB-493D-B006-4FA8F5CCB43C}.Release|Any CPU.Build.0 = Release|Any CPU
		{8B83B488-1794-4E7A-B35E-12539CD38956}.Debug|Any CPU.ActiveCfg = Debug|Any CPU
		{8B83B488-1794-4E7A-B35E-12539CD38956}.Debug|Any CPU.Build.0 = Debug|Any CPU
		{8B83B488-1794-4E7A-B35E-12539CD38956}.Release|Any CPU.ActiveCfg = Release|Any CPU
		{8B83B488-1794-4E7A-B35E-12539CD38956}.Release|Any CPU.Build.0 = Release|Any CPU
		{21C29236-813D-4F66-8873-DE52F171C38A}.Debug|Any CPU.ActiveCfg = Debug|Any CPU
		{21C29236-813D-4F66-8873-DE52F171C38A}.Debug|Any CPU.Build.0 = Debug|Any CPU
		{21C29236-813D-4F66-8873-DE52F171C38A}.Release|Any CPU.ActiveCfg = Release|Any CPU
		{21C29236-813D-4F66-8873-DE52F171C38A}.Release|Any CPU.Build.0 = Release|Any CPU
		{7189EE85-979C-405C-90E5-3FEEB258AC8E}.Debug|Any CPU.ActiveCfg = Debug|Any CPU
		{7189EE85-979C-405C-90E5-3FEEB258AC8E}.Debug|Any CPU.Build.0 = Debug|Any CPU
		{7189EE85-979C-405C-90E5-3FEEB258AC8E}.Release|Any CPU.ActiveCfg = Release|Any CPU
		{7189EE85-979C-405C-90E5-3FEEB258AC8E}.Release|Any CPU.Build.0 = Release|Any CPU
		{43E9056F-D83E-4E90-8EED-45ED2A708505}.Debug|Any CPU.ActiveCfg = Debug|Any CPU
		{43E9056F-D83E-4E90-8EED-45ED2A708505}.Debug|Any CPU.Build.0 = Debug|Any CPU
		{43E9056F-D83E-4E90-8EED-45ED2A708505}.Release|Any CPU.ActiveCfg = Release|Any CPU
		{43E9056F-D83E-4E90-8EED-45ED2A708505}.Release|Any CPU.Build.0 = Release|Any CPU
	EndGlobalSection
	GlobalSection(NestedProjects) = preSolution
		{A19EA773-661E-4E4B-9D66-84A47DE8F87F} = {B240CB61-7286-495B-8679-024640C040DA}
		{09D4E53A-C80D-430F-AB2C-CBC85FE8C98F} = {B240CB61-7286-495B-8679-024640C040DA}
		{1C70123F-B7E2-40D7-AFDB-3EF7F90D9B85} = {2FF56600-3344-4A12-9CC8-08F8AEDD39FC}
		{ED8E26EF-A38D-48F4-9A18-8D6CD3DCF687} = {2FF56600-3344-4A12-9CC8-08F8AEDD39FC}
		{980FB327-7077-457F-8A0C-D338CBDB1B40} = {B240CB61-7286-495B-8679-024640C040DA}
		{E4AC52F7-A8DB-493D-B006-4FA8F5CCB43C} = {B240CB61-7286-495B-8679-024640C040DA}
		{8B83B488-1794-4E7A-B35E-12539CD38956} = {47384F3B-B4C0-4366-A369-8CB2E5DB830E}
		{21C29236-813D-4F66-8873-DE52F171C38A} = {47384F3B-B4C0-4366-A369-8CB2E5DB830E}
		{1088FDB6-BE3D-4D02-B744-2BF4CA530980} = {2FF56600-3344-4A12-9CC8-08F8AEDD39FC}
		{6D4925D7-8920-4638-B0C2-58D3B239412E} = {1088FDB6-BE3D-4D02-B744-2BF4CA530980}
		{7189EE85-979C-405C-90E5-3FEEB258AC8E} = {1088FDB6-BE3D-4D02-B744-2BF4CA530980}
		{43E9056F-D83E-4E90-8EED-45ED2A708505} = {1088FDB6-BE3D-4D02-B744-2BF4CA530980}
	EndGlobalSection
EndGlobal
